
Microsoft Visual Studio Solution File, Format Version 11.00
# Visual Studio 2010
Project("{8BC9CEB8-8B4A-11D0-8D11-00A0C91BC942}") = "Lab 2 - Pizza", "Lab 2 - Pizza\Lab 2 - Pizza.vcxproj", "{092DA8CE-F2BA-4BDE-9A24-57E8D058774C}"
EndProject
Global
	GlobalSection(SolutionConfigurationPlatforms) = preSolution
		Debug|Win32 = Debug|Win32
		Release|Win32 = Release|Win32
	EndGlobalSection
	GlobalSection(ProjectConfigurationPlatforms) = postSolution
		{092DA8CE-F2BA-4BDE-9A24-57E8D058774C}.Debug|Win32.ActiveCfg = Debug|Win32
		{092DA8CE-F2BA-4BDE-9A24-57E8D058774C}.Debug|Win32.Build.0 = Debug|Win32
		{092DA8CE-F2BA-4BDE-9A24-57E8D058774C}.Release|Win32.ActiveCfg = Release|Win32
		{092DA8CE-F2BA-4BDE-9A24-57E8D058774C}.Release|Win32.Build.0 = Release|Win32
	EndGlobalSection
	GlobalSection(SolutionProperties) = preSolution
		HideSolutionNode = FALSE
	EndGlobalSection
EndGlobal
